// !$*UTF8*$!
{
	archiveVersion = 1;
	classes = {
	};
	objectVersion = 46;
	objects = {

/* Begin PBXBuildFile section */
		0119FC1D178F4BB300386A8E /* libz.dylib in Frameworks */ = {isa = PBXBuildFile; fileRef = 0119FC1C178F4BB300386A8E /* libz.dylib */; };
		0119FC1F178F4BD200386A8E /* AudioToolbox.framework in Frameworks */ = {isa = PBXBuildFile; fileRef = 0119FC1E178F4BD200386A8E /* AudioToolbox.framework */; };
		0119FC21178F4BDE00386A8E /* CFNetwork.framework in Frameworks */ = {isa = PBXBuildFile; fileRef = 0119FC20178F4BDE00386A8E /* CFNetwork.framework */; };
		0119FC23178F4BED00386A8E /* CoreLocation.framework in Frameworks */ = {isa = PBXBuildFile; fileRef = 0119FC22178F4BED00386A8E /* CoreLocation.framework */; };
		0119FC25178F4BF400386A8E /* MobileCoreServices.framework in Frameworks */ = {isa = PBXBuildFile; fileRef = 0119FC24178F4BF400386A8E /* MobileCoreServices.framework */; };
		0119FC27178F4BFA00386A8E /* QuartzCore.framework in Frameworks */ = {isa = PBXBuildFile; fileRef = 0119FC26178F4BFA00386A8E /* QuartzCore.framework */; };
		0119FC29178F4C0100386A8E /* Security.framework in Frameworks */ = {isa = PBXBuildFile; fileRef = 0119FC28178F4C0100386A8E /* Security.framework */; };
		0119FC2B178F4C0700386A8E /* StoreKit.framework in Frameworks */ = {isa = PBXBuildFile; fileRef = 0119FC2A178F4C0700386A8E /* StoreKit.framework */; };
		0119FC2D178F4C1000386A8E /* SystemConfiguration.framework in Frameworks */ = {isa = PBXBuildFile; fileRef = 0119FC2C178F4C1000386A8E /* SystemConfiguration.framework */; };
		01DB167A178F27BD00A01370 /* Foundation.framework in Frameworks */ = {isa = PBXBuildFile; fileRef = 01DB1679178F27BD00A01370 /* Foundation.framework */; };
		01DB167C178F27BD00A01370 /* CoreGraphics.framework in Frameworks */ = {isa = PBXBuildFile; fileRef = 01DB167B178F27BD00A01370 /* CoreGraphics.framework */; };
		01DB167E178F27BD00A01370 /* UIKit.framework in Frameworks */ = {isa = PBXBuildFile; fileRef = 01DB167D178F27BD00A01370 /* UIKit.framework */; };
		01DB1684178F27BD00A01370 /* InfoPlist.strings in Resources */ = {isa = PBXBuildFile; fileRef = 01DB1682178F27BD00A01370 /* InfoPlist.strings */; };
		01DB1686178F27BD00A01370 /* main.m in Sources */ = {isa = PBXBuildFile; fileRef = 01DB1685178F27BD00A01370 /* main.m */; };
		01DB168A178F27BD00A01370 /* STAppDelegate.m in Sources */ = {isa = PBXBuildFile; fileRef = 01DB1689178F27BD00A01370 /* STAppDelegate.m */; };
		01DB168D178F27BD00A01370 /* Main_iPhone.storyboard in Resources */ = {isa = PBXBuildFile; fileRef = 01DB168B178F27BD00A01370 /* Main_iPhone.storyboard */; };
		01DB1690178F27BD00A01370 /* Main_iPad.storyboard in Resources */ = {isa = PBXBuildFile; fileRef = 01DB168E178F27BD00A01370 /* Main_iPad.storyboard */; };
		01DB1693178F27BD00A01370 /* STViewController.m in Sources */ = {isa = PBXBuildFile; fileRef = 01DB1692178F27BD00A01370 /* STViewController.m */; };
		01DB1695178F27BD00A01370 /* Images.xcassets in Resources */ = {isa = PBXBuildFile; fileRef = 01DB1694178F27BD00A01370 /* Images.xcassets */; };
		01DB169C178F27BD00A01370 /* XCTest.framework in Frameworks */ = {isa = PBXBuildFile; fileRef = 01DB169B178F27BD00A01370 /* XCTest.framework */; };
		01DB169D178F27BD00A01370 /* Foundation.framework in Frameworks */ = {isa = PBXBuildFile; fileRef = 01DB1679178F27BD00A01370 /* Foundation.framework */; };
		01DB169E178F27BD00A01370 /* UIKit.framework in Frameworks */ = {isa = PBXBuildFile; fileRef = 01DB167D178F27BD00A01370 /* UIKit.framework */; };
		01DB16A6178F27BD00A01370 /* InfoPlist.strings in Resources */ = {isa = PBXBuildFile; fileRef = 01DB16A4178F27BD00A01370 /* InfoPlist.strings */; };
		01DB16A8178F27BD00A01370 /* soccertrainerTests.m in Sources */ = {isa = PBXBuildFile; fileRef = 01DB16A7178F27BD00A01370 /* soccertrainerTests.m */; };
		01DB16B5178F298A00A01370 /* STPlayer.m in Sources */ = {isa = PBXBuildFile; fileRef = 01DB16B4178F298A00A01370 /* STPlayer.m */; };
		01DB16B8178F2A8E00A01370 /* STTeam.m in Sources */ = {isa = PBXBuildFile; fileRef = 01DB16B7178F2A8E00A01370 /* STTeam.m */; };
		01DB16BB178F2AA600A01370 /* STDrill.m in Sources */ = {isa = PBXBuildFile; fileRef = 01DB16BA178F2AA600A01370 /* STDrill.m */; };
		01DB16BE178F2AB800A01370 /* STSession.m in Sources */ = {isa = PBXBuildFile; fileRef = 01DB16BD178F2AB800A01370 /* STSession.m */; };
		01DB16C1178F2AD700A01370 /* STSeason.m in Sources */ = {isa = PBXBuildFile; fileRef = 01DB16C0178F2AD700A01370 /* STSeason.m */; };
		01DB16C3178F490E00A01370 /* Parse.framework in Frameworks */ = {isa = PBXBuildFile; fileRef = 01DB16C2178F477D00A01370 /* Parse.framework */; };
/* End PBXBuildFile section */

/* Begin PBXContainerItemProxy section */
		01DB169F178F27BD00A01370 /* PBXContainerItemProxy */ = {
			isa = PBXContainerItemProxy;
			containerPortal = 01DB166E178F27BD00A01370 /* Project object */;
			proxyType = 1;
			remoteGlobalIDString = 01DB1675178F27BD00A01370;
			remoteInfo = soccertrainer;
		};
/* End PBXContainerItemProxy section */

/* Begin PBXFileReference section */
		01128828178F5E7700E4FB36 /* STConstants.h */ = {isa = PBXFileReference; fileEncoding = 4; lastKnownFileType = sourcecode.c.h; path = STConstants.h; sourceTree = "<group>"; };
		0119FC1C178F4BB300386A8E /* libz.dylib */ = {isa = PBXFileReference; lastKnownFileType = "compiled.mach-o.dylib"; name = libz.dylib; path = usr/lib/libz.dylib; sourceTree = SDKROOT; };
		0119FC1E178F4BD200386A8E /* AudioToolbox.framework */ = {isa = PBXFileReference; lastKnownFileType = wrapper.framework; name = AudioToolbox.framework; path = System/Library/Frameworks/AudioToolbox.framework; sourceTree = SDKROOT; };
		0119FC20178F4BDE00386A8E /* CFNetwork.framework */ = {isa = PBXFileReference; lastKnownFileType = wrapper.framework; name = CFNetwork.framework; path = System/Library/Frameworks/CFNetwork.framework; sourceTree = SDKROOT; };
		0119FC22178F4BED00386A8E /* CoreLocation.framework */ = {isa = PBXFileReference; lastKnownFileType = wrapper.framework; name = CoreLocation.framework; path = System/Library/Frameworks/CoreLocation.framework; sourceTree = SDKROOT; };
		0119FC24178F4BF400386A8E /* MobileCoreServices.framework */ = {isa = PBXFileReference; lastKnownFileType = wrapper.framework; name = MobileCoreServices.framework; path = System/Library/Frameworks/MobileCoreServices.framework; sourceTree = SDKROOT; };
		0119FC26178F4BFA00386A8E /* QuartzCore.framework */ = {isa = PBXFileReference; lastKnownFileType = wrapper.framework; name = QuartzCore.framework; path = System/Library/Frameworks/QuartzCore.framework; sourceTree = SDKROOT; };
		0119FC28178F4C0100386A8E /* Security.framework */ = {isa = PBXFileReference; lastKnownFileType = wrapper.framework; name = Security.framework; path = System/Library/Frameworks/Security.framework; sourceTree = SDKROOT; };
		0119FC2A178F4C0700386A8E /* StoreKit.framework */ = {isa = PBXFileReference; lastKnownFileType = wrapper.framework; name = StoreKit.framework; path = System/Library/Frameworks/StoreKit.framework; sourceTree = SDKROOT; };
		0119FC2C178F4C1000386A8E /* SystemConfiguration.framework */ = {isa = PBXFileReference; lastKnownFileType = wrapper.framework; name = SystemConfiguration.framework; path = System/Library/Frameworks/SystemConfiguration.framework; sourceTree = SDKROOT; };
		01DB1676178F27BD00A01370 /* soccertrainer.app */ = {isa = PBXFileReference; explicitFileType = wrapper.application; includeInIndex = 0; path = soccertrainer.app; sourceTree = BUILT_PRODUCTS_DIR; };
		01DB1679178F27BD00A01370 /* Foundation.framework */ = {isa = PBXFileReference; lastKnownFileType = wrapper.framework; name = Foundation.framework; path = System/Library/Frameworks/Foundation.framework; sourceTree = SDKROOT; };
		01DB167B178F27BD00A01370 /* CoreGraphics.framework */ = {isa = PBXFileReference; lastKnownFileType = wrapper.framework; name = CoreGraphics.framework; path = System/Library/Frameworks/CoreGraphics.framework; sourceTree = SDKROOT; };
		01DB167D178F27BD00A01370 /* UIKit.framework */ = {isa = PBXFileReference; lastKnownFileType = wrapper.framework; name = UIKit.framework; path = System/Library/Frameworks/UIKit.framework; sourceTree = SDKROOT; };
		01DB1681178F27BD00A01370 /* soccertrainer-Info.plist */ = {isa = PBXFileReference; lastKnownFileType = text.plist.xml; path = "soccertrainer-Info.plist"; sourceTree = "<group>"; };
		01DB1683178F27BD00A01370 /* en */ = {isa = PBXFileReference; lastKnownFileType = text.plist.strings; name = en; path = en.lproj/InfoPlist.strings; sourceTree = "<group>"; };
		01DB1685178F27BD00A01370 /* main.m */ = {isa = PBXFileReference; lastKnownFileType = sourcecode.c.objc; path = main.m; sourceTree = "<group>"; };
		01DB1687178F27BD00A01370 /* soccertrainer-Prefix.pch */ = {isa = PBXFileReference; lastKnownFileType = sourcecode.c.h; path = "soccertrainer-Prefix.pch"; sourceTree = "<group>"; };
		01DB1688178F27BD00A01370 /* STAppDelegate.h */ = {isa = PBXFileReference; lastKnownFileType = sourcecode.c.h; path = STAppDelegate.h; sourceTree = "<group>"; };
		01DB1689178F27BD00A01370 /* STAppDelegate.m */ = {isa = PBXFileReference; lastKnownFileType = sourcecode.c.objc; path = STAppDelegate.m; sourceTree = "<group>"; };
		01DB168C178F27BD00A01370 /* Base */ = {isa = PBXFileReference; lastKnownFileType = file.storyboard; name = Base; path = Base.lproj/Main_iPhone.storyboard; sourceTree = "<group>"; };
		01DB168F178F27BD00A01370 /* Base */ = {isa = PBXFileReference; lastKnownFileType = file.storyboard; name = Base; path = Base.lproj/Main_iPad.storyboard; sourceTree = "<group>"; };
		01DB1691178F27BD00A01370 /* STViewController.h */ = {isa = PBXFileReference; lastKnownFileType = sourcecode.c.h; path = STViewController.h; sourceTree = "<group>"; };
		01DB1692178F27BD00A01370 /* STViewController.m */ = {isa = PBXFileReference; lastKnownFileType = sourcecode.c.objc; path = STViewController.m; sourceTree = "<group>"; };
		01DB1694178F27BD00A01370 /* Images.xcassets */ = {isa = PBXFileReference; lastKnownFileType = folder.assetcatalog; path = Images.xcassets; sourceTree = "<group>"; };
		01DB169A178F27BD00A01370 /* soccertrainerTests.xctest */ = {isa = PBXFileReference; explicitFileType = wrapper.cfbundle; includeInIndex = 0; path = soccertrainerTests.xctest; sourceTree = BUILT_PRODUCTS_DIR; };
		01DB169B178F27BD00A01370 /* XCTest.framework */ = {isa = PBXFileReference; lastKnownFileType = wrapper.framework; name = XCTest.framework; path = Library/Frameworks/XCTest.framework; sourceTree = DEVELOPER_DIR; };
		01DB16A3178F27BD00A01370 /* soccertrainerTests-Info.plist */ = {isa = PBXFileReference; lastKnownFileType = text.plist.xml; path = "soccertrainerTests-Info.plist"; sourceTree = "<group>"; };
		01DB16A5178F27BD00A01370 /* en */ = {isa = PBXFileReference; lastKnownFileType = text.plist.strings; name = en; path = en.lproj/InfoPlist.strings; sourceTree = "<group>"; };
		01DB16A7178F27BD00A01370 /* soccertrainerTests.m */ = {isa = PBXFileReference; lastKnownFileType = sourcecode.c.objc; path = soccertrainerTests.m; sourceTree = "<group>"; };
		01DB16B3178F298A00A01370 /* STPlayer.h */ = {isa = PBXFileReference; fileEncoding = 4; lastKnownFileType = sourcecode.c.h; path = STPlayer.h; sourceTree = "<group>"; };
		01DB16B4178F298A00A01370 /* STPlayer.m */ = {isa = PBXFileReference; fileEncoding = 4; lastKnownFileType = sourcecode.c.objc; path = STPlayer.m; sourceTree = "<group>"; };
		01DB16B6178F2A8E00A01370 /* STTeam.h */ = {isa = PBXFileReference; fileEncoding = 4; lastKnownFileType = sourcecode.c.h; path = STTeam.h; sourceTree = "<group>"; };
		01DB16B7178F2A8E00A01370 /* STTeam.m */ = {isa = PBXFileReference; fileEncoding = 4; lastKnownFileType = sourcecode.c.objc; path = STTeam.m; sourceTree = "<group>"; };
		01DB16B9178F2AA600A01370 /* STDrill.h */ = {isa = PBXFileReference; fileEncoding = 4; lastKnownFileType = sourcecode.c.h; path = STDrill.h; sourceTree = "<group>"; };
		01DB16BA178F2AA600A01370 /* STDrill.m */ = {isa = PBXFileReference; fileEncoding = 4; lastKnownFileType = sourcecode.c.objc; path = STDrill.m; sourceTree = "<group>"; };
		01DB16BC178F2AB800A01370 /* STSession.h */ = {isa = PBXFileReference; fileEncoding = 4; lastKnownFileType = sourcecode.c.h; path = STSession.h; sourceTree = "<group>"; };
		01DB16BD178F2AB800A01370 /* STSession.m */ = {isa = PBXFileReference; fileEncoding = 4; lastKnownFileType = sourcecode.c.objc; path = STSession.m; sourceTree = "<group>"; };
		01DB16BF178F2AD700A01370 /* STSeason.h */ = {isa = PBXFileReference; fileEncoding = 4; lastKnownFileType = sourcecode.c.h; path = STSeason.h; sourceTree = "<group>"; };
		01DB16C0178F2AD700A01370 /* STSeason.m */ = {isa = PBXFileReference; fileEncoding = 4; lastKnownFileType = sourcecode.c.objc; path = STSeason.m; sourceTree = "<group>"; };
		01DB16C2178F477D00A01370 /* Parse.framework */ = {isa = PBXFileReference; lastKnownFileType = wrapper.framework; name = Parse.framework; path = soccertrainer/ThirdParty/Parse.framework; sourceTree = "<group>"; };
/* End PBXFileReference section */

/* Begin PBXFrameworksBuildPhase section */
		01DB1673178F27BD00A01370 /* Frameworks */ = {
			isa = PBXFrameworksBuildPhase;
			buildActionMask = 2147483647;
			files = (
				0119FC2D178F4C1000386A8E /* SystemConfiguration.framework in Frameworks */,
				0119FC2B178F4C0700386A8E /* StoreKit.framework in Frameworks */,
				0119FC29178F4C0100386A8E /* Security.framework in Frameworks */,
				0119FC27178F4BFA00386A8E /* QuartzCore.framework in Frameworks */,
				0119FC25178F4BF400386A8E /* MobileCoreServices.framework in Frameworks */,
				0119FC23178F4BED00386A8E /* CoreLocation.framework in Frameworks */,
				01DB167C178F27BD00A01370 /* CoreGraphics.framework in Frameworks */,
				0119FC21178F4BDE00386A8E /* CFNetwork.framework in Frameworks */,
				0119FC1F178F4BD200386A8E /* AudioToolbox.framework in Frameworks */,
				0119FC1D178F4BB300386A8E /* libz.dylib in Frameworks */,
				01DB167E178F27BD00A01370 /* UIKit.framework in Frameworks */,
				01DB167A178F27BD00A01370 /* Foundation.framework in Frameworks */,
				01DB16C3178F490E00A01370 /* Parse.framework in Frameworks */,
			);
			runOnlyForDeploymentPostprocessing = 0;
		};
		01DB1697178F27BD00A01370 /* Frameworks */ = {
			isa = PBXFrameworksBuildPhase;
			buildActionMask = 2147483647;
			files = (
				01DB169C178F27BD00A01370 /* XCTest.framework in Frameworks */,
				01DB169E178F27BD00A01370 /* UIKit.framework in Frameworks */,
				01DB169D178F27BD00A01370 /* Foundation.framework in Frameworks */,
			);
			runOnlyForDeploymentPostprocessing = 0;
		};
/* End PBXFrameworksBuildPhase section */

/* Begin PBXGroup section */
		01DB166D178F27BD00A01370 = {
			isa = PBXGroup;
			children = (
				01DB167F178F27BD00A01370 /* soccertrainer */,
				01DB16A1178F27BD00A01370 /* soccertrainerTests */,
				01DB1678178F27BD00A01370 /* Frameworks */,
				01DB1677178F27BD00A01370 /* Products */,
			);
			sourceTree = "<group>";
		};
		01DB1677178F27BD00A01370 /* Products */ = {
			isa = PBXGroup;
			children = (
				01DB1676178F27BD00A01370 /* soccertrainer.app */,
				01DB169A178F27BD00A01370 /* soccertrainerTests.xctest */,
			);
			name = Products;
			sourceTree = "<group>";
		};
		01DB1678178F27BD00A01370 /* Frameworks */ = {
			isa = PBXGroup;
			children = (
				0119FC2C178F4C1000386A8E /* SystemConfiguration.framework */,
				0119FC2A178F4C0700386A8E /* StoreKit.framework */,
				0119FC28178F4C0100386A8E /* Security.framework */,
				0119FC26178F4BFA00386A8E /* QuartzCore.framework */,
				0119FC24178F4BF400386A8E /* MobileCoreServices.framework */,
				0119FC22178F4BED00386A8E /* CoreLocation.framework */,
				0119FC20178F4BDE00386A8E /* CFNetwork.framework */,
				0119FC1E178F4BD200386A8E /* AudioToolbox.framework */,
				0119FC1C178F4BB300386A8E /* libz.dylib */,
				01DB16C2178F477D00A01370 /* Parse.framework */,
				01DB1679178F27BD00A01370 /* Foundation.framework */,
				01DB167B178F27BD00A01370 /* CoreGraphics.framework */,
				01DB167D178F27BD00A01370 /* UIKit.framework */,
				01DB169B178F27BD00A01370 /* XCTest.framework */,
			);
			name = Frameworks;
			sourceTree = "<group>";
		};
		01DB167F178F27BD00A01370 /* soccertrainer */ = {
			isa = PBXGroup;
			children = (
				01DB16B2178F28F900A01370 /* Model */,
				01DB1688178F27BD00A01370 /* STAppDelegate.h */,
				01DB1689178F27BD00A01370 /* STAppDelegate.m */,
				01DB168B178F27BD00A01370 /* Main_iPhone.storyboard */,
				01DB168E178F27BD00A01370 /* Main_iPad.storyboard */,
				01DB1691178F27BD00A01370 /* STViewController.h */,
				01DB1692178F27BD00A01370 /* STViewController.m */,
				01DB1694178F27BD00A01370 /* Images.xcassets */,
				01DB1680178F27BD00A01370 /* Supporting Files */,
				01128828178F5E7700E4FB36 /* STConstants.h */,
			);
			path = soccertrainer;
			sourceTree = "<group>";
		};
		01DB1680178F27BD00A01370 /* Supporting Files */ = {
			isa = PBXGroup;
			children = (
				01DB1681178F27BD00A01370 /* soccertrainer-Info.plist */,
				01DB1682178F27BD00A01370 /* InfoPlist.strings */,
				01DB1685178F27BD00A01370 /* main.m */,
				01DB1687178F27BD00A01370 /* soccertrainer-Prefix.pch */,
			);
			name = "Supporting Files";
			sourceTree = "<group>";
		};
		01DB16A1178F27BD00A01370 /* soccertrainerTests */ = {
			isa = PBXGroup;
			children = (
				01DB16A7178F27BD00A01370 /* soccertrainerTests.m */,
				01DB16A2178F27BD00A01370 /* Supporting Files */,
			);
			path = soccertrainerTests;
			sourceTree = "<group>";
		};
		01DB16A2178F27BD00A01370 /* Supporting Files */ = {
			isa = PBXGroup;
			children = (
				01DB16A3178F27BD00A01370 /* soccertrainerTests-Info.plist */,
				01DB16A4178F27BD00A01370 /* InfoPlist.strings */,
			);
			name = "Supporting Files";
			sourceTree = "<group>";
		};
		01DB16B2178F28F900A01370 /* Model */ = {
			isa = PBXGroup;
			children = (
				01DB16B3178F298A00A01370 /* STPlayer.h */,
				01DB16B4178F298A00A01370 /* STPlayer.m */,
				01DB16B6178F2A8E00A01370 /* STTeam.h */,
				01DB16B7178F2A8E00A01370 /* STTeam.m */,
				01DB16B9178F2AA600A01370 /* STDrill.h */,
				01DB16BA178F2AA600A01370 /* STDrill.m */,
				01DB16BC178F2AB800A01370 /* STSession.h */,
				01DB16BD178F2AB800A01370 /* STSession.m */,
				01DB16BF178F2AD700A01370 /* STSeason.h */,
				01DB16C0178F2AD700A01370 /* STSeason.m */,
			);
			path = Model;
			sourceTree = "<group>";
		};
/* End PBXGroup section */

/* Begin PBXNativeTarget section */
		01DB1675178F27BD00A01370 /* soccertrainer */ = {
			isa = PBXNativeTarget;
			buildConfigurationList = 01DB16AB178F27BD00A01370 /* Build configuration list for PBXNativeTarget "soccertrainer" */;
			buildPhases = (
				01DB1672178F27BD00A01370 /* Sources */,
				01DB1673178F27BD00A01370 /* Frameworks */,
				01DB1674178F27BD00A01370 /* Resources */,
			);
			buildRules = (
			);
			dependencies = (
			);
			name = soccertrainer;
			productName = soccertrainer;
			productReference = 01DB1676178F27BD00A01370 /* soccertrainer.app */;
			productType = "com.apple.product-type.application";
		};
		01DB1699178F27BD00A01370 /* soccertrainerTests */ = {
			isa = PBXNativeTarget;
			buildConfigurationList = 01DB16AE178F27BD00A01370 /* Build configuration list for PBXNativeTarget "soccertrainerTests" */;
			buildPhases = (
				01DB1696178F27BD00A01370 /* Sources */,
				01DB1697178F27BD00A01370 /* Frameworks */,
				01DB1698178F27BD00A01370 /* Resources */,
			);
			buildRules = (
			);
			dependencies = (
				01DB16A0178F27BD00A01370 /* PBXTargetDependency */,
			);
			name = soccertrainerTests;
			productName = soccertrainerTests;
			productReference = 01DB169A178F27BD00A01370 /* soccertrainerTests.xctest */;
			productType = "com.apple.product-type.bundle.unit-test";
		};
/* End PBXNativeTarget section */

/* Begin PBXProject section */
		01DB166E178F27BD00A01370 /* Project object */ = {
			isa = PBXProject;
			attributes = {
				CLASSPREFIX = ST;
				LastUpgradeCheck = 0500;
				ORGANIZATIONNAME = "Edgar Nunez";
				TargetAttributes = {
					01DB1699178F27BD00A01370 = {
						TestTargetID = 01DB1675178F27BD00A01370;
					};
				};
			};
			buildConfigurationList = 01DB1671178F27BD00A01370 /* Build configuration list for PBXProject "soccertrainer" */;
			compatibilityVersion = "Xcode 3.2";
			developmentRegion = English;
			hasScannedForEncodings = 0;
			knownRegions = (
				en,
				Base,
			);
			mainGroup = 01DB166D178F27BD00A01370;
			productRefGroup = 01DB1677178F27BD00A01370 /* Products */;
			projectDirPath = "";
			projectRoot = "";
			targets = (
				01DB1675178F27BD00A01370 /* soccertrainer */,
				01DB1699178F27BD00A01370 /* soccertrainerTests */,
			);
		};
/* End PBXProject section */

/* Begin PBXResourcesBuildPhase section */
		01DB1674178F27BD00A01370 /* Resources */ = {
			isa = PBXResourcesBuildPhase;
			buildActionMask = 2147483647;
			files = (
				01DB1690178F27BD00A01370 /* Main_iPad.storyboard in Resources */,
				01DB1695178F27BD00A01370 /* Images.xcassets in Resources */,
				01DB168D178F27BD00A01370 /* Main_iPhone.storyboard in Resources */,
				01DB1684178F27BD00A01370 /* InfoPlist.strings in Resources */,
			);
			runOnlyForDeploymentPostprocessing = 0;
		};
		01DB1698178F27BD00A01370 /* Resources */ = {
			isa = PBXResourcesBuildPhase;
			buildActionMask = 2147483647;
			files = (
				01DB16A6178F27BD00A01370 /* InfoPlist.strings in Resources */,
			);
			runOnlyForDeploymentPostprocessing = 0;
		};
/* End PBXResourcesBuildPhase section */

/* Begin PBXSourcesBuildPhase section */
		01DB1672178F27BD00A01370 /* Sources */ = {
			isa = PBXSourcesBuildPhase;
			buildActionMask = 2147483647;
			files = (
				01DB16BE178F2AB800A01370 /* STSession.m in Sources */,
				01DB16BB178F2AA600A01370 /* STDrill.m in Sources */,
				01DB16B8178F2A8E00A01370 /* STTeam.m in Sources */,
				01DB1693178F27BD00A01370 /* STViewController.m in Sources */,
				01DB16B5178F298A00A01370 /* STPlayer.m in Sources */,
				01DB16C1178F2AD700A01370 /* STSeason.m in Sources */,
				01DB1686178F27BD00A01370 /* main.m in Sources */,
				01DB168A178F27BD00A01370 /* STAppDelegate.m in Sources */,
			);
			runOnlyForDeploymentPostprocessing = 0;
		};
		01DB1696178F27BD00A01370 /* Sources */ = {
			isa = PBXSourcesBuildPhase;
			buildActionMask = 2147483647;
			files = (
				01DB16A8178F27BD00A01370 /* soccertrainerTests.m in Sources */,
			);
			runOnlyForDeploymentPostprocessing = 0;
		};
/* End PBXSourcesBuildPhase section */

/* Begin PBXTargetDependency section */
		01DB16A0178F27BD00A01370 /* PBXTargetDependency */ = {
			isa = PBXTargetDependency;
			target = 01DB1675178F27BD00A01370 /* soccertrainer */;
			targetProxy = 01DB169F178F27BD00A01370 /* PBXContainerItemProxy */;
		};
/* End PBXTargetDependency section */

/* Begin PBXVariantGroup section */
		01DB1682178F27BD00A01370 /* InfoPlist.strings */ = {
			isa = PBXVariantGroup;
			children = (
				01DB1683178F27BD00A01370 /* en */,
			);
			name = InfoPlist.strings;
			sourceTree = "<group>";
		};
		01DB168B178F27BD00A01370 /* Main_iPhone.storyboard */ = {
			isa = PBXVariantGroup;
			children = (
				01DB168C178F27BD00A01370 /* Base */,
			);
			name = Main_iPhone.storyboard;
			sourceTree = "<group>";
		};
		01DB168E178F27BD00A01370 /* Main_iPad.storyboard */ = {
			isa = PBXVariantGroup;
			children = (
				01DB168F178F27BD00A01370 /* Base */,
			);
			name = Main_iPad.storyboard;
			sourceTree = "<group>";
		};
		01DB16A4178F27BD00A01370 /* InfoPlist.strings */ = {
			isa = PBXVariantGroup;
			children = (
				01DB16A5178F27BD00A01370 /* en */,
			);
			name = InfoPlist.strings;
			sourceTree = "<group>";
		};
/* End PBXVariantGroup section */

/* Begin XCBuildConfiguration section */
		01DB16A9178F27BD00A01370 /* Debug */ = {
			isa = XCBuildConfiguration;
			buildSettings = {
				ALWAYS_SEARCH_USER_PATHS = NO;
				CLANG_CXX_LANGUAGE_STANDARD = "gnu++0x";
				CLANG_CXX_LIBRARY = "libc++";
				CLANG_ENABLE_MODULES = YES;
				CLANG_ENABLE_OBJC_ARC = YES;
				CLANG_WARN_BOOL_CONVERSION = YES;
				CLANG_WARN_CONSTANT_CONVERSION = YES;
				CLANG_WARN_DIRECT_OBJC_ISA_USAGE = YES_ERROR;
				CLANG_WARN_EMPTY_BODY = YES;
				CLANG_WARN_ENUM_CONVERSION = YES;
				CLANG_WARN_INT_CONVERSION = YES;
				CLANG_WARN_OBJC_ROOT_CLASS = YES_ERROR;
				CLANG_WARN__DUPLICATE_METHOD_MATCH = YES;
				"CODE_SIGN_IDENTITY[sdk=iphoneos*]" = "iPhone Developer";
				COPY_PHASE_STRIP = NO;
				GCC_C_LANGUAGE_STANDARD = gnu99;
				GCC_DYNAMIC_NO_PIC = NO;
				GCC_OPTIMIZATION_LEVEL = 0;
				GCC_PREPROCESSOR_DEFINITIONS = (
					"DEBUG=1",
					"$(inherited)",
				);
				GCC_SYMBOLS_PRIVATE_EXTERN = NO;
				GCC_WARN_ABOUT_RETURN_TYPE = YES_ERROR;
				GCC_WARN_UNDECLARED_SELECTOR = YES;
				GCC_WARN_UNINITIALIZED_AUTOS = YES;
				GCC_WARN_UNUSED_FUNCTION = YES;
				GCC_WARN_UNUSED_VARIABLE = YES;
				IPHONEOS_DEPLOYMENT_TARGET = 7.0;
				ONLY_ACTIVE_ARCH = YES;
				SDKROOT = iphoneos;
				TARGETED_DEVICE_FAMILY = "1,2";
			};
			name = Debug;
		};
		01DB16AA178F27BD00A01370 /* Release */ = {
			isa = XCBuildConfiguration;
			buildSettings = {
				ALWAYS_SEARCH_USER_PATHS = NO;
				CLANG_CXX_LANGUAGE_STANDARD = "gnu++0x";
				CLANG_CXX_LIBRARY = "libc++";
				CLANG_ENABLE_MODULES = YES;
				CLANG_ENABLE_OBJC_ARC = YES;
				CLANG_WARN_BOOL_CONVERSION = YES;
				CLANG_WARN_CONSTANT_CONVERSION = YES;
				CLANG_WARN_DIRECT_OBJC_ISA_USAGE = YES_ERROR;
				CLANG_WARN_EMPTY_BODY = YES;
				CLANG_WARN_ENUM_CONVERSION = YES;
				CLANG_WARN_INT_CONVERSION = YES;
				CLANG_WARN_OBJC_ROOT_CLASS = YES_ERROR;
				CLANG_WARN__DUPLICATE_METHOD_MATCH = YES;
				"CODE_SIGN_IDENTITY[sdk=iphoneos*]" = "iPhone Developer";
				COPY_PHASE_STRIP = YES;
				ENABLE_NS_ASSERTIONS = NO;
				GCC_C_LANGUAGE_STANDARD = gnu99;
				GCC_WARN_ABOUT_RETURN_TYPE = YES_ERROR;
				GCC_WARN_UNDECLARED_SELECTOR = YES;
				GCC_WARN_UNINITIALIZED_AUTOS = YES;
				GCC_WARN_UNUSED_FUNCTION = YES;
				GCC_WARN_UNUSED_VARIABLE = YES;
				IPHONEOS_DEPLOYMENT_TARGET = 7.0;
				SDKROOT = iphoneos;
				TARGETED_DEVICE_FAMILY = "1,2";
				VALIDATE_PRODUCT = YES;
			};
			name = Release;
		};
		01DB16AC178F27BD00A01370 /* Debug */ = {
			isa = XCBuildConfiguration;
			buildSettings = {
				ASSETCATALOG_COMPILER_APPICON_NAME = AppIcon;
				ASSETCATALOG_COMPILER_LAUNCHIMAGE_NAME = LaunchImage;
				FRAMEWORK_SEARCH_PATHS = (
					"$(inherited)",
					"$(SRCROOT)/soccertrainer/ThirdParty",
				);
				GCC_PRECOMPILE_PREFIX_HEADER = YES;
				GCC_PREFIX_HEADER = "soccertrainer/soccertrainer-Prefix.pch";
				INFOPLIST_FILE = "soccertrainer/soccertrainer-Info.plist";
				PRODUCT_NAME = "$(TARGET_NAME)";
				WRAPPER_EXTENSION = app;
			};
			name = Debug;
		};
		01DB16AD178F27BD00A01370 /* Release */ = {
			isa = XCBuildConfiguration;
			buildSettings = {
				ASSETCATALOG_COMPILER_APPICON_NAME = AppIcon;
				ASSETCATALOG_COMPILER_LAUNCHIMAGE_NAME = LaunchImage;
				FRAMEWORK_SEARCH_PATHS = (
					"$(inherited)",
					"$(SRCROOT)/soccertrainer/ThirdParty",
				);
				GCC_PRECOMPILE_PREFIX_HEADER = YES;
				GCC_PREFIX_HEADER = "soccertrainer/soccertrainer-Prefix.pch";
				INFOPLIST_FILE = "soccertrainer/soccertrainer-Info.plist";
				PRODUCT_NAME = "$(TARGET_NAME)";
				WRAPPER_EXTENSION = app;
			};
			name = Release;
		};
		01DB16AF178F27BD00A01370 /* Debug */ = {
			isa = XCBuildConfiguration;
			buildSettings = {
				BUNDLE_LOADER = "$(BUILT_PRODUCTS_DIR)/soccertrainer.app/soccertrainer";
				FRAMEWORK_SEARCH_PATHS = (
					"$(SDKROOT)/Developer/Library/Frameworks",
					"$(inherited)",
					"$(SYSTEM_APPS_DIR)/Xcode5-DP3.app/Contents/Developer/Library/Frameworks",
				);
				GCC_PRECOMPILE_PREFIX_HEADER = YES;
				GCC_PREFIX_HEADER = "soccertrainer/soccertrainer-Prefix.pch";
				GCC_PREPROCESSOR_DEFINITIONS = (
					"DEBUG=1",
					"$(inherited)",
				);
				INFOPLIST_FILE = "soccertrainerTests/soccertrainerTests-Info.plist";
				PRODUCT_NAME = "$(TARGET_NAME)";
				TEST_HOST = "$(BUNDLE_LOADER)";
				WRAPPER_EXTENSION = xctest;
			};
			name = Debug;
		};
		01DB16B0178F27BD00A01370 /* Release */ = {
			isa = XCBuildConfiguration;
			buildSettings = {
				BUNDLE_LOADER = "$(BUILT_PRODUCTS_DIR)/soccertrainer.app/soccertrainer";
				FRAMEWORK_SEARCH_PATHS = (
					"$(SDKROOT)/Developer/Library/Frameworks",
					"$(inherited)",
					"$(SYSTEM_APPS_DIR)/Xcode5-DP3.app/Contents/Developer/Library/Frameworks",
				);
				GCC_PRECOMPILE_PREFIX_HEADER = YES;
				GCC_PREFIX_HEADER = "soccertrainer/soccertrainer-Prefix.pch";
				INFOPLIST_FILE = "soccertrainerTests/soccertrainerTests-Info.plist";
				PRODUCT_NAME = "$(TARGET_NAME)";
				TEST_HOST = "$(BUNDLE_LOADER)";
				WRAPPER_EXTENSION = xctest;
			};
			name = Release;
		};
/* End XCBuildConfiguration section */

/* Begin XCConfigurationList section */
		01DB1671178F27BD00A01370 /* Build configuration list for PBXProject "soccertrainer" */ = {
			isa = XCConfigurationList;
			buildConfigurations = (
				01DB16A9178F27BD00A01370 /* Debug */,
				01DB16AA178F27BD00A01370 /* Release */,
			);
			defaultConfigurationIsVisible = 0;
			defaultConfigurationName = Release;
		};
		01DB16AB178F27BD00A01370 /* Build configuration list for PBXNativeTarget "soccertrainer" */ = {
			isa = XCConfigurationList;
			buildConfigurations = (
				01DB16AC178F27BD00A01370 /* Debug */,
				01DB16AD178F27BD00A01370 /* Release */,
			);
			defaultConfigurationIsVisible = 0;
			defaultConfigurationName = Release;
		};
		01DB16AE178F27BD00A01370 /* Build configuration list for PBXNativeTarget "soccertrainerTests" */ = {
			isa = XCConfigurationList;
			buildConfigurations = (
				01DB16AF178F27BD00A01370 /* Debug */,
				01DB16B0178F27BD00A01370 /* Release */,
			);
			defaultConfigurationIsVisible = 0;
			defaultConfigurationName = Release;
		};
/* End XCConfigurationList section */
	};
	rootObject = 01DB166E178F27BD00A01370 /* Project object */;
}
